
Microsoft Visual Studio Solution File, Format Version 12.00
# Visual Studio Version 16
VisualStudioVersion = 16.0.30413.136
MinimumVisualStudioVersion = 10.0.40219.1
Project("{FAE04EC0-301F-11D3-BF4B-00C04F79EFBC}") = "TableGenerator", "TableGenerator.csproj", "{C89E1F8F-57EB-493B-A596-0B24D933E36A}"
EndProject
Global
	GlobalSection(SolutionConfigurationPlatforms) = preSolution
		Debug|Any CPU = Debug|Any CPU
		Release|Any CPU = Release|Any CPU
	EndGlobalSection
	GlobalSection(ProjectConfigurationPlatforms) = postSolution
		{C89E1F8F-57EB-493B-A596-0B24D933E36A}.Debug|Any CPU.ActiveCfg = Debug|Any CPU
		{C89E1F8F-57EB-493B-A596-0B24D933E36A}.Debug|Any CPU.Build.0 = Debug|Any CPU
		{C89E1F8F-57EB-493B-A596-0B24D933E36A}.Release|Any CPU.ActiveCfg = Release|Any CPU
		{C89E1F8F-57EB-493B-A596-0B24D933E36A}.Release|Any CPU.Build.0 = Release|Any CPU
	EndGlobalSection
	GlobalSection(SolutionProperties) = preSolution
		HideSolutionNode = FALSE
	EndGlobalSection
	GlobalSection(ExtensibilityGlobals) = postSolution
		SolutionGuid = {EFA8B31C-4CDA-47DA-9081-2BE21A875A59}
	EndGlobalSection
EndGlobal
